
Microsoft Visual Studio Solution File, Format Version 12.00
# Visual Studio Version 17
VisualStudioVersion = 17.5.33414.496
MinimumVisualStudioVersion = 10.0.40219.1
Project("{FAE04EC0-301F-11D3-BF4B-00C04F79EFBC}") = "kevin", "kevin.csproj", "{F9E959BD-46C0-4C62-A5C5-4EC006299CBC}"
EndProject
Global
	GlobalSection(SolutionConfigurationPlatforms) = preSolution
		Debug|Any CPU = Debug|Any CPU
		Release|Any CPU = Release|Any CPU
	EndGlobalSection
	GlobalSection(ProjectConfigurationPlatforms) = postSolution
		{F9E959BD-46C0-4C62-A5C5-4EC006299CBC}.Debug|Any CPU.ActiveCfg = Debug|Any CPU
		{F9E959BD-46C0-4C62-A5C5-4EC006299CBC}.Debug|Any CPU.Build.0 = Debug|Any CPU
		{F9E959BD-46C0-4C62-A5C5-4EC006299CBC}.Release|Any CPU.ActiveCfg = Release|Any CPU
		{F9E959BD-46C0-4C62-A5C5-4EC006299CBC}.Release|Any CPU.Build.0 = Release|Any CPU
	EndGlobalSection
	GlobalSection(SolutionProperties) = preSolution
		HideSolutionNode = FALSE
	EndGlobalSection
	GlobalSection(ExtensibilityGlobals) = postSolution
		SolutionGuid = {55DD209B-0901-4CF4-A3DB-EE6471592795}
	EndGlobalSection
EndGlobal
